
Microsoft Visual Studio Solution File, Format Version 12.00
# Visual Studio Version 16
VisualStudioVersion = 16.0.30406.217
MinimumVisualStudioVersion = 10.0.40219.1
Project("{FAE04EC0-301F-11D3-BF4B-00C04F79EFBC}") = "BorsaAppv2", "BorsaAppv2\BorsaAppv2.csproj", "{2B615141-47D0-48C1-907B-AB2B827FFFE1}"
EndProject
Global
	GlobalSection(SolutionConfigurationPlatforms) = preSolution
		Debug|Any CPU = Debug|Any CPU
		Release|Any CPU = Release|Any CPU
	EndGlobalSection
	GlobalSection(ProjectConfigurationPlatforms) = postSolution
		{2B615141-47D0-48C1-907B-AB2B827FFFE1}.Debug|Any CPU.ActiveCfg = Debug|Any CPU
		{2B615141-47D0-48C1-907B-AB2B827FFFE1}.Debug|Any CPU.Build.0 = Debug|Any CPU
		{2B615141-47D0-48C1-907B-AB2B827FFFE1}.Release|Any CPU.ActiveCfg = Release|Any CPU
		{2B615141-47D0-48C1-907B-AB2B827FFFE1}.Release|Any CPU.Build.0 = Release|Any CPU
	EndGlobalSection
	GlobalSection(SolutionProperties) = preSolution
		HideSolutionNode = FALSE
	EndGlobalSection
	GlobalSection(ExtensibilityGlobals) = postSolution
		SolutionGuid = {41B10FD3-895C-476C-BE61-8CC6CC30988F}
	EndGlobalSection
EndGlobal
